{
  "nodes": {
    "nixpkgs": {
      "locked": {
        "lastModified": 1790652569,
        "narHash": "sha256-641r7xrlSOHYoktL9/aArPIYNgZJ9eM5URzSEOtPJDY=",
        "owner": "NixOS",
        "repo": "nixpkgs",
        "rev": "b6c8664de9b6cc07fe5666a29f91884ba81197c4",
        "type": "github"
      },
      "original": {
        "owner": "NixOS",
        "ref": "nixpkgs-unstable",
        "repo": "nixpkgs",
        "type": "github"
      }
    },
    "nixpkgs_2": {
      "locked": {
        "lastModified": 1770107345,
        "narHash": "sha256-tbS0Ebx2PiA1FRW8mt8oejR0qMXmziJmPaU1d4kYY9g=",
        "owner": "nixos",
        "repo": "nixpkgs",
        "rev": "4533d9293756b63904b7238acb84ac8fe4c8c2c4",
        "type": "github"
      },
      "original": {
        "owner": "NixOS",
        "ref": "nixpkgs-unstable",
        "repo": "nixpkgs",
        "type": "github"
      }
    },
    "root": {
      "inputs": {
        "nixpkgs": "nixpkgs",
        "systems": "systems",
        "tomodachi94": "tomodachi94",
        "vale-packages": "vale-packages"
      }
    },
    "systems": {
      "locked": {
        "lastModified": 1681028828,
        "narHash": "sha256-Vy1rq5AaRuLzOxct8nz4T6wlgyUR7zLU309k9mBC768=",
        "owner": "nix-systems",
        "repo": "default",
        "rev": "da67096a3b9bf56a91d16901293e51ba5b49a27e",
        "type": "github"
      },
      "original": {
        "owner": "nix-systems",
        "repo": "default",
        "type": "github"
      }
    },
    "tomodachi94": {
      "inputs": {
        "nixpkgs": "nixpkgs_2"
      },
      "locked": {
        "dir": "pkgs",
        "lastModified": 1790803941,
        "narHash": "sha256-KA72QU41lce4ruVDyfa6KNfYdel/MtH0Bcyp07PHeb0=",
        "owner": "tomodachi94",
        "repo": "dotfiles",
        "rev": "460c1a04ffcaed8f1b272bb587e547fcd23b5184",
        "type": "github"
      },
      "original": {
        "dir": "pkgs",
        "owner": "tomodachi94",
        "repo": "dotfiles",
        "type": "github"
      }
    },
    "vale-packages": {
      "flake": false,
      "locked": {
        "lastModified": 1790635288,
        "narHash": "sha256-S96CBYG12mhvJ7r8UKPhe89pvvaEDkYfAfQOtupOa/g=",
        "owner": "errata-ai",
        "repo": "packages",
        "rev": "35e3980ab7f6781416a678bee0dd9fd03ed1c426",
        "type": "github"
      },
      "original": {
        "owner": "errata-ai",
        "repo": "packages",
        "type": "github"
      }
    }
  },
  "root": "root",
  "version": 7
}
