{
  "nodes": {
    "nixpkgs": {
      "locked": {
        "lastModified": 1787964612,
        "narHash": "sha256-0N9nghg3nwzX6b6qc77EzjR9cu/Z+UR66FlfsCqiURs=",
        "owner": "NixOS",
        "repo": "nixpkgs",
        "rev": "e8be7818e19ada32105a8af937a6a473b38167ca",
        "type": "github"
      },
      "original": {
        "owner": "NixOS",
        "ref": "nixpkgs-unstable",
        "repo": "nixpkgs",
        "type": "github"
      }
    },
    "nixpkgs_2": {
      "locked": {
        "lastModified": 1770107345,
        "narHash": "sha256-tbS0Ebx2PiA1FRW8mt8oejR0qMXmziJmPaU1d4kYY9g=",
        "owner": "nixos",
        "repo": "nixpkgs",
        "rev": "4533d9293756b63904b7238acb84ac8fe4c8c2c4",
        "type": "github"
      },
      "original": {
        "owner": "NixOS",
        "ref": "nixpkgs-unstable",
        "repo": "nixpkgs",
        "type": "github"
      }
    },
    "root": {
      "inputs": {
        "nixpkgs": "nixpkgs",
        "systems": "systems",
        "tomodachi94": "tomodachi94",
        "vale-packages": "vale-packages"
      }
    },
    "systems": {
      "locked": {
        "lastModified": 1681028828,
        "narHash": "sha256-Vy1rq5AaRuLzOxct8nz4T6wlgyUR7zLU309k9mBC768=",
        "owner": "nix-systems",
        "repo": "default",
        "rev": "da67096a3b9bf56a91d16901293e51ba5b49a27e",
        "type": "github"
      },
      "original": {
        "owner": "nix-systems",
        "repo": "default",
        "type": "github"
      }
    },
    "tomodachi94": {
      "inputs": {
        "nixpkgs": "nixpkgs_2"
      },
      "locked": {
        "dir": "pkgs",
        "lastModified": 1788143360,
        "narHash": "sha256-Oy0WsBrl0S8by/MbfVj2f/5oYbpnZuGWNbMgM/AsyuY=",
        "owner": "tomodachi94",
        "repo": "dotfiles",
        "rev": "77f2dd592e7e3258d70dc92afe39ab6b273f0628",
        "type": "github"
      },
      "original": {
        "dir": "pkgs",
        "owner": "tomodachi94",
        "repo": "dotfiles",
        "type": "github"
      }
    },
    "vale-packages": {
      "flake": false,
      "locked": {
        "lastModified": 1787912500,
        "narHash": "sha256-jSroArzlZJN7O6FnQuKbU2wQ68NoRmYpF/5D7B+jkAU=",
        "owner": "errata-ai",
        "repo": "packages",
        "rev": "58c5c37855f0717005fcf2c88eec13bb031964e0",
        "type": "github"
      },
      "original": {
        "owner": "errata-ai",
        "repo": "packages",
        "type": "github"
      }
    }
  },
  "root": "root",
  "version": 7
}
